
Microsoft Visual Studio Solution File, Format Version 12.00
# Visual Studio Version 17
VisualStudioVersion = 17.2.32516.85
MinimumVisualStudioVersion = 10.0.40219.1
Project("{FAE04EC0-301F-11D3-BF4B-00C04F79EFBC}") = "Prueba2Paulo", "Prueba2Paulo\Prueba2Paulo.csproj", "{FB1C2C8A-16A1-48E5-A279-687364E197B4}"
EndProject
Global
	GlobalSection(SolutionConfigurationPlatforms) = preSolution
		Debug|Any CPU = Debug|Any CPU
		Release|Any CPU = Release|Any CPU
	EndGlobalSection
	GlobalSection(ProjectConfigurationPlatforms) = postSolution
		{FB1C2C8A-16A1-48E5-A279-687364E197B4}.Debug|Any CPU.ActiveCfg = Debug|Any CPU
		{FB1C2C8A-16A1-48E5-A279-687364E197B4}.Debug|Any CPU.Build.0 = Debug|Any CPU
		{FB1C2C8A-16A1-48E5-A279-687364E197B4}.Release|Any CPU.ActiveCfg = Release|Any CPU
		{FB1C2C8A-16A1-48E5-A279-687364E197B4}.Release|Any CPU.Build.0 = Release|Any CPU
	EndGlobalSection
	GlobalSection(SolutionProperties) = preSolution
		HideSolutionNode = FALSE
	EndGlobalSection
	GlobalSection(ExtensibilityGlobals) = postSolution
		SolutionGuid = {B4E1561C-0683-4B4E-84A7-C9C7C326A94E}
	EndGlobalSection
EndGlobal
